
Microsoft Visual Studio Solution File, Format Version 12.00
# Visual Studio Version 17
VisualStudioVersion = 17.6.33801.468
MinimumVisualStudioVersion = 10.0.40219.1
Project("{FAE04EC0-301F-11D3-BF4B-00C04F79EFBC}") = "calculator", "calculator.csproj", "{4D724745-14DF-40CE-846F-5C0C4391035B}"
EndProject
Global
	GlobalSection(SolutionConfigurationPlatforms) = preSolution
		Debug|Any CPU = Debug|Any CPU
		Release|Any CPU = Release|Any CPU
	EndGlobalSection
	GlobalSection(ProjectConfigurationPlatforms) = postSolution
		{4D724745-14DF-40CE-846F-5C0C4391035B}.Debug|Any CPU.ActiveCfg = Debug|Any CPU
		{4D724745-14DF-40CE-846F-5C0C4391035B}.Debug|Any CPU.Build.0 = Debug|Any CPU
		{4D724745-14DF-40CE-846F-5C0C4391035B}.Release|Any CPU.ActiveCfg = Release|Any CPU
		{4D724745-14DF-40CE-846F-5C0C4391035B}.Release|Any CPU.Build.0 = Release|Any CPU
	EndGlobalSection
	GlobalSection(SolutionProperties) = preSolution
		HideSolutionNode = FALSE
	EndGlobalSection
	GlobalSection(ExtensibilityGlobals) = postSolution
		SolutionGuid = {9A112758-25A2-41BA-98B1-AFB2A07083CA}
	EndGlobalSection
EndGlobal
